# This file is autogenerated, do not edit; changes may be undone by the next 'dep ensure'.


[[projects]]
  digest = "1:e988ed0ca0d81f4d28772760c02ee95084961311291bdfefc1b04617c178b722"
  name = "github.com/fatih/color"
  packages = ["."]
  pruneopts = ""
  revision = "5b77d2a35fb0ede96d138fc9a99f5c9b6aef11b4"
  version = "v1.7.0"

[[projects]]
  branch = "master"
  digest = "1:67bcf41677f33b22aee1b82e9460aa093a96cfe4877445dd19ea950c200a47ab"
  name = "github.com/iancoleman/strcase"
  packages = ["."]
  pruneopts = ""
  revision = "3605ed457bf7f8caa1371b4fafadadc026673479"

[[projects]]
  digest = "1:6a874e3ddfb9db2b42bd8c85b6875407c702fa868eed20634ff489bc896ccfd3"
  name = "github.com/konsorten/go-windows-terminal-sequences"
  packages = ["."]
  pruneopts = ""
  revision = "5c8c8bd35d3832f5d134ae1e1e375b69a4d25242"
  version = "v1.0.1"

[[projects]]
  digest = "1:9ea83adf8e96d6304f394d40436f2eb44c1dc3250d223b74088cc253a6cd0a1c"
  name = "github.com/mattn/go-colorable"
  packages = ["."]
  pruneopts = ""
  revision = "167de6bfdfba052fa6b2d3664c8f5272e23c9072"
  version = "v0.0.9"

[[projects]]
  digest = "1:3140e04675a6a91d2a20ea9d10bdadf6072085502e6def6768361260aee4b967"
  name = "github.com/mattn/go-isatty"
  packages = ["."]
  pruneopts = ""
  revision = "6ca4dbf54d38eea1a992b3c722a76a5d1c4cb25c"
  version = "v0.0.4"

[[projects]]
  digest = "1:713b341855f1480e4baca1e7c5434e1d266441340685ecbde32d59bdc065fb3f"
  name = "github.com/mitchellh/go-wordwrap"
  packages = ["."]
  pruneopts = ""
  revision = "9e67c67572bc5dd02aef930e2b0ae3c02a4b5a5c"
  version = "v1.0.0"

[[projects]]
  branch = "master"
  digest = "1:1579a4a5fa94805f30a0dbe82e6c235a158a78c678969f84a04f402af824f8f8"
  name = "github.com/santhosh-tekuri/jsonschema"
  packages = [
    ".",
    "decoders",
    "formats",
    "loader",
    "mediatypes",
  ]
  pruneopts = ""
  revision = "5d49c9dfc7836f0552e532b4b20caebf51b944e3"

[[projects]]
  digest = "1:7f569d906bdd20d906b606415b7d794f798f91a62fcfb6a4daa6d50690fb7a3f"
  name = "github.com/satori/go.uuid"
  packages = ["."]
  pruneopts = ""
  revision = "f58768cc1a7a7e77a3bd49e98cdd21419399b6a3"
  version = "v1.2.0"

[[projects]]
  digest = "1:9a3c631555e0351fdc4e696577bb63afd90c399d782a8462dba9d100d7021db3"
  name = "github.com/sirupsen/logrus"
  packages = ["."]
  pruneopts = ""
  revision = "e1e72e9de974bd926e5c56f83753fba2df402ce5"
  version = "v1.3.0"

[[projects]]
  branch = "master"
  digest = "1:438d5957cf1c26ca62975dc4b1b59242acc9e527f39ed3f6cda57ee6d3653daf"
  name = "github.com/urfave/cli"
  packages = ["."]
  pruneopts = ""
  revision = "b67dcf995b6a7b7f14fad5fcb7cc5441b05e814b"

[[projects]]
  branch = "master"
  digest = "1:59b49c47c11a48f1054529207f65907c014ecf5f9a7c0d9c0f1616dec7b062ed"
  name = "golang.org/x/crypto"
  packages = [
    "ed25519",
    "ed25519/internal/edwards25519",
    "pbkdf2",
    "ssh/terminal",
  ]
  pruneopts = ""
  revision = "ff983b9c42bc9fbf91556e191cc8efb585c16908"

[[projects]]
  branch = "master"
  digest = "1:682e21255aca5ab896dd001984417c1a13cea5fc7821c79455d9f9d34e35c6d1"
  name = "golang.org/x/sys"
  packages = [
    "unix",
    "windows",
  ]
  pruneopts = ""
  revision = "48ac38b7c8cbedd50b1613c0fccacfc7d88dfcdf"

[[projects]]
  digest = "1:9ac038eb5180c903d71d582fa4ea7e77658855167a6a09a9035e0b39449dddc7"
  name = "gopkg.in/square/go-jose.v2"
  packages = [
    ".",
    "cipher",
    "json",
  ]
  pruneopts = ""
  revision = "e94fb177d3668d35ab39c61cbb2f311550557e83"
  version = "v2.2.2"

[[projects]]
  branch = "v2"
  digest = "1:cedccf16b71e86db87a24f8d4c70b0a855872eb967cb906a66b95de56aefbd0d"
  name = "gopkg.in/yaml.v2"
  packages = ["."]
  pruneopts = ""
  revision = "51d6538a90f86fe93ac480b35f37b2be17fef232"

[solve-meta]
  analyzer-name = "dep"
  analyzer-version = 1
  input-imports = [
    "github.com/fatih/color",
    "github.com/iancoleman/strcase",
    "github.com/mitchellh/go-wordwrap",
    "github.com/santhosh-tekuri/jsonschema",
    "github.com/santhosh-tekuri/jsonschema/loader",
    "github.com/satori/go.uuid",
    "github.com/sirupsen/logrus",
    "github.com/urfave/cli",
    "gopkg.in/square/go-jose.v2",
    "gopkg.in/yaml.v2",
  ]
  solver-name = "gps-cdcl"
  solver-version = 1
